// !$*UTF8*$!
{
	archiveVersion = 1;
	classes = {
	};
	objectVersion = 56;
	objects = {

/* Begin PBXBuildFile section */
		75AFA8E22910CB8C005D8021 /* TickTockApp.swift in Sources */ = {isa = PBXBuildFile; fileRef = 75AFA8E12910CB8C005D8021 /* TickTockApp.swift */; };
		75AFA8E42910CB8C005D8021 /* ContentView.swift in Sources */ = {isa = PBXBuildFile; fileRef = 75AFA8E32910CB8C005D8021 /* ContentView.swift */; };
		75AFA8E62910CB8D005D8021 /* Assets.xcassets in Resources */ = {isa = PBXBuildFile; fileRef = 75AFA8E52910CB8D005D8021 /* Assets.xcassets */; };
		75AFA8EA2910CB8D005D8021 /* Preview Assets.xcassets in Resources */ = {isa = PBXBuildFile; fileRef = 75AFA8E92910CB8D005D8021 /* Preview Assets.xcassets */; };
		75AFA8F42910CB8D005D8021 /* TickTockTests.swift in Sources */ = {isa = PBXBuildFile; fileRef = 75AFA8F32910CB8D005D8021 /* TickTockTests.swift */; };
		75AFA8FE2910CB8D005D8021 /* TickTockUITests.swift in Sources */ = {isa = PBXBuildFile; fileRef = 75AFA8FD2910CB8D005D8021 /* TickTockUITests.swift */; };
		75AFA9002910CB8D005D8021 /* TickTockUITestsLaunchTests.swift in Sources */ = {isa = PBXBuildFile; fileRef = 75AFA8FF2910CB8D005D8021 /* TickTockUITestsLaunchTests.swift */; };
/* End PBXBuildFile section */

/* Begin PBXContainerItemProxy section */
		75AFA8F02910CB8D005D8021 /* PBXContainerItemProxy */ = {
			isa = PBXContainerItemProxy;
			containerPortal = 75AFA8D62910CB8B005D8021 /* Project object */;
			proxyType = 1;
			remoteGlobalIDString = 75AFA8DD2910CB8B005D8021;
			remoteInfo = TickTock;
		};
		75AFA8FA2910CB8D005D8021 /* PBXContainerItemProxy */ = {
			isa = PBXContainerItemProxy;
			containerPortal = 75AFA8D62910CB8B005D8021 /* Project object */;
			proxyType = 1;
			remoteGlobalIDString = 75AFA8DD2910CB8B005D8021;
			remoteInfo = TickTock;
		};
/* End PBXContainerItemProxy section */

/* Begin PBXFileReference section */
		75AFA8DE2910CB8C005D8021 /* TickTock.app */ = {isa = PBXFileReference; explicitFileType = wrapper.application; includeInIndex = 0; path = TickTock.app; sourceTree = BUILT_PRODUCTS_DIR; };
		75AFA8E12910CB8C005D8021 /* TickTockApp.swift */ = {isa = PBXFileReference; lastKnownFileType = sourcecode.swift; path = TickTockApp.swift; sourceTree = "<group>"; };
		75AFA8E32910CB8C005D8021 /* ContentView.swift */ = {isa = PBXFileReference; lastKnownFileType = sourcecode.swift; path = ContentView.swift; sourceTree = "<group>"; };
		75AFA8E52910CB8D005D8021 /* Assets.xcassets */ = {isa = PBXFileReference; lastKnownFileType = folder.assetcatalog; path = Assets.xcassets; sourceTree = "<group>"; };
		75AFA8E72910CB8D005D8021 /* TickTock.entitlements */ = {isa = PBXFileReference; lastKnownFileType = text.plist.entitlements; path = TickTock.entitlements; sourceTree = "<group>"; };
		75AFA8E92910CB8D005D8021 /* Preview Assets.xcassets */ = {isa = PBXFileReference; lastKnownFileType = folder.assetcatalog; path = "Preview Assets.xcassets"; sourceTree = "<group>"; };
		75AFA8EF2910CB8D005D8021 /* TickTockTests.xctest */ = {isa = PBXFileReference; explicitFileType = wrapper.cfbundle; includeInIndex = 0; path = TickTockTests.xctest; sourceTree = BUILT_PRODUCTS_DIR; };
		75AFA8F32910CB8D005D8021 /* TickTockTests.swift */ = {isa = PBXFileReference; lastKnownFileType = sourcecode.swift; path = TickTockTests.swift; sourceTree = "<group>"; };
		75AFA8F92910CB8D005D8021 /* TickTockUITests.xctest */ = {isa = PBXFileReference; explicitFileType = wrapper.cfbundle; includeInIndex = 0; path = TickTockUITests.xctest; sourceTree = BUILT_PRODUCTS_DIR; };
		75AFA8FD2910CB8D005D8021 /* TickTockUITests.swift */ = {isa = PBXFileReference; lastKnownFileType = sourcecode.swift; path = TickTockUITests.swift; sourceTree = "<group>"; };
		75AFA8FF2910CB8D005D8021 /* TickTockUITestsLaunchTests.swift */ = {isa = PBXFileReference; lastKnownFileType = sourcecode.swift; path = TickTockUITestsLaunchTests.swift; sourceTree = "<group>"; };
/* End PBXFileReference section */

/* Begin PBXFrameworksBuildPhase section */
		75AFA8DB2910CB8B005D8021 /* Frameworks */ = {
			isa = PBXFrameworksBuildPhase;
			buildActionMask = 2147483647;
			files = (
			);
			runOnlyForDeploymentPostprocessing = 0;
		};
		75AFA8EC2910CB8D005D8021 /* Frameworks */ = {
			isa = PBXFrameworksBuildPhase;
			buildActionMask = 2147483647;
			files = (
			);
			runOnlyForDeploymentPostprocessing = 0;
		};
		75AFA8F62910CB8D005D8021 /* Frameworks */ = {
			isa = PBXFrameworksBuildPhase;
			buildActionMask = 2147483647;
			files = (
			);
			runOnlyForDeploymentPostprocessing = 0;
		};
/* End PBXFrameworksBuildPhase section */

/* Begin PBXGroup section */
		75AFA8D52910CB8B005D8021 = {
			isa = PBXGroup;
			children = (
				75AFA8E02910CB8C005D8021 /* TickTock */,
				75AFA8F22910CB8D005D8021 /* TickTockTests */,
				75AFA8FC2910CB8D005D8021 /* TickTockUITests */,
				75AFA8DF2910CB8C005D8021 /* Products */,
			);
			sourceTree = "<group>";
		};
		75AFA8DF2910CB8C005D8021 /* Products */ = {
			isa = PBXGroup;
			children = (
				75AFA8DE2910CB8C005D8021 /* TickTock.app */,
				75AFA8EF2910CB8D005D8021 /* TickTockTests.xctest */,
				75AFA8F92910CB8D005D8021 /* TickTockUITests.xctest */,
			);
			name = Products;
			sourceTree = "<group>";
		};
		75AFA8E02910CB8C005D8021 /* TickTock */ = {
			isa = PBXGroup;
			children = (
				75AFA8E12910CB8C005D8021 /* TickTockApp.swift */,
				75AFA8E32910CB8C005D8021 /* ContentView.swift */,
				75AFA8E52910CB8D005D8021 /* Assets.xcassets */,
				75AFA8E72910CB8D005D8021 /* TickTock.entitlements */,
				75AFA8E82910CB8D005D8021 /* Preview Content */,
			);
			path = TickTock;
			sourceTree = "<group>";
		};
		75AFA8E82910CB8D005D8021 /* Preview Content */ = {
			isa = PBXGroup;
			children = (
				75AFA8E92910CB8D005D8021 /* Preview Assets.xcassets */,
			);
			path = "Preview Content";
			sourceTree = "<group>";
		};
		75AFA8F22910CB8D005D8021 /* TickTockTests */ = {
			isa = PBXGroup;
			children = (
				75AFA8F32910CB8D005D8021 /* TickTockTests.swift */,
			);
			path = TickTockTests;
			sourceTree = "<group>";
		};
		75AFA8FC2910CB8D005D8021 /* TickTockUITests */ = {
			isa = PBXGroup;
			children = (
				75AFA8FD2910CB8D005D8021 /* TickTockUITests.swift */,
				75AFA8FF2910CB8D005D8021 /* TickTockUITestsLaunchTests.swift */,
			);
			path = TickTockUITests;
			sourceTree = "<group>";
		};
/* End PBXGroup section */

/* Begin PBXNativeTarget section */
		75AFA8DD2910CB8B005D8021 /* TickTock */ = {
			isa = PBXNativeTarget;
			buildConfigurationList = 75AFA9032910CB8D005D8021 /* Build configuration list for PBXNativeTarget "TickTock" */;
			buildPhases = (
				75AFA8DA2910CB8B005D8021 /* Sources */,
				75AFA8DB2910CB8B005D8021 /* Frameworks */,
				75AFA8DC2910CB8B005D8021 /* Resources */,
			);
			buildRules = (
			);
			dependencies = (
			);
			name = TickTock;
			productName = TickTock;
			productReference = 75AFA8DE2910CB8C005D8021 /* TickTock.app */;
			productType = "com.apple.product-type.application";
		};
		75AFA8EE2910CB8D005D8021 /* TickTockTests */ = {
			isa = PBXNativeTarget;
			buildConfigurationList = 75AFA9062910CB8D005D8021 /* Build configuration list for PBXNativeTarget "TickTockTests" */;
			buildPhases = (
				75AFA8EB2910CB8D005D8021 /* Sources */,
				75AFA8EC2910CB8D005D8021 /* Frameworks */,
				75AFA8ED2910CB8D005D8021 /* Resources */,
			);
			buildRules = (
			);
			dependencies = (
				75AFA8F12910CB8D005D8021 /* PBXTargetDependency */,
			);
			name = TickTockTests;
			productName = TickTockTests;
			productReference = 75AFA8EF2910CB8D005D8021 /* TickTockTests.xctest */;
			productType = "com.apple.product-type.bundle.unit-test";
		};
		75AFA8F82910CB8D005D8021 /* TickTockUITests */ = {
			isa = PBXNativeTarget;
			buildConfigurationList = 75AFA9092910CB8D005D8021 /* Build configuration list for PBXNativeTarget "TickTockUITests" */;
			buildPhases = (
				75AFA8F52910CB8D005D8021 /* Sources */,
				75AFA8F62910CB8D005D8021 /* Frameworks */,
				75AFA8F72910CB8D005D8021 /* Resources */,
			);
			buildRules = (
			);
			dependencies = (
				75AFA8FB2910CB8D005D8021 /* PBXTargetDependency */,
			);
			name = TickTockUITests;
			productName = TickTockUITests;
			productReference = 75AFA8F92910CB8D005D8021 /* TickTockUITests.xctest */;
			productType = "com.apple.product-type.bundle.ui-testing";
		};
/* End PBXNativeTarget section */

/* Begin PBXProject section */
		75AFA8D62910CB8B005D8021 /* Project object */ = {
			isa = PBXProject;
			attributes = {
				BuildIndependentTargetsInParallel = 1;
				LastSwiftUpdateCheck = 1400;
				LastUpgradeCheck = 1400;
				TargetAttributes = {
					75AFA8DD2910CB8B005D8021 = {
						CreatedOnToolsVersion = 14.0.1;
					};
					75AFA8EE2910CB8D005D8021 = {
						CreatedOnToolsVersion = 14.0.1;
						TestTargetID = 75AFA8DD2910CB8B005D8021;
					};
					75AFA8F82910CB8D005D8021 = {
						CreatedOnToolsVersion = 14.0.1;
						TestTargetID = 75AFA8DD2910CB8B005D8021;
					};
				};
			};
			buildConfigurationList = 75AFA8D92910CB8B005D8021 /* Build configuration list for PBXProject "TickTock" */;
			compatibilityVersion = "Xcode 14.0";
			developmentRegion = en;
			hasScannedForEncodings = 0;
			knownRegions = (
				en,
				Base,
			);
			mainGroup = 75AFA8D52910CB8B005D8021;
			productRefGroup = 75AFA8DF2910CB8C005D8021 /* Products */;
			projectDirPath = "";
			projectRoot = "";
			targets = (
				75AFA8DD2910CB8B005D8021 /* TickTock */,
				75AFA8EE2910CB8D005D8021 /* TickTockTests */,
				75AFA8F82910CB8D005D8021 /* TickTockUITests */,
			);
		};
/* End PBXProject section */

/* Begin PBXResourcesBuildPhase section */
		75AFA8DC2910CB8B005D8021 /* Resources */ = {
			isa = PBXResourcesBuildPhase;
			buildActionMask = 2147483647;
			files = (
				75AFA8EA2910CB8D005D8021 /* Preview Assets.xcassets in Resources */,
				75AFA8E62910CB8D005D8021 /* Assets.xcassets in Resources */,
			);
			runOnlyForDeploymentPostprocessing = 0;
		};
		75AFA8ED2910CB8D005D8021 /* Resources */ = {
			isa = PBXResourcesBuildPhase;
			buildActionMask = 2147483647;
			files = (
			);
			runOnlyForDeploymentPostprocessing = 0;
		};
		75AFA8F72910CB8D005D8021 /* Resources */ = {
			isa = PBXResourcesBuildPhase;
			buildActionMask = 2147483647;
			files = (
			);
			runOnlyForDeploymentPostprocessing = 0;
		};
/* End PBXResourcesBuildPhase section */

/* Begin PBXSourcesBuildPhase section */
		75AFA8DA2910CB8B005D8021 /* Sources */ = {
			isa = PBXSourcesBuildPhase;
			buildActionMask = 2147483647;
			files = (
				75AFA8E42910CB8C005D8021 /* ContentView.swift in Sources */,
				75AFA8E22910CB8C005D8021 /* TickTockApp.swift in Sources */,
			);
			runOnlyForDeploymentPostprocessing = 0;
		};
		75AFA8EB2910CB8D005D8021 /* Sources */ = {
			isa = PBXSourcesBuildPhase;
			buildActionMask = 2147483647;
			files = (
				75AFA8F42910CB8D005D8021 /* TickTockTests.swift in Sources */,
			);
			runOnlyForDeploymentPostprocessing = 0;
		};
		75AFA8F52910CB8D005D8021 /* Sources */ = {
			isa = PBXSourcesBuildPhase;
			buildActionMask = 2147483647;
			files = (
				75AFA9002910CB8D005D8021 /* TickTockUITestsLaunchTests.swift in Sources */,
				75AFA8FE2910CB8D005D8021 /* TickTockUITests.swift in Sources */,
			);
			runOnlyForDeploymentPostprocessing = 0;
		};
/* End PBXSourcesBuildPhase section */

/* Begin PBXTargetDependency section */
		75AFA8F12910CB8D005D8021 /* PBXTargetDependency */ = {
			isa = PBXTargetDependency;
			target = 75AFA8DD2910CB8B005D8021 /* TickTock */;
			targetProxy = 75AFA8F02910CB8D005D8021 /* PBXContainerItemProxy */;
		};
		75AFA8FB2910CB8D005D8021 /* PBXTargetDependency */ = {
			isa = PBXTargetDependency;
			target = 75AFA8DD2910CB8B005D8021 /* TickTock */;
			targetProxy = 75AFA8FA2910CB8D005D8021 /* PBXContainerItemProxy */;
		};
/* End PBXTargetDependency section */

/* Begin XCBuildConfiguration section */
		75AFA9012910CB8D005D8021 /* Debug */ = {
			isa = XCBuildConfiguration;
			buildSettings = {
				ALWAYS_SEARCH_USER_PATHS = NO;
				CLANG_ANALYZER_NONNULL = YES;
				CLANG_ANALYZER_NUMBER_OBJECT_CONVERSION = YES_AGGRESSIVE;
				CLANG_CXX_LANGUAGE_STANDARD = "gnu++20";
				CLANG_ENABLE_MODULES = YES;
				CLANG_ENABLE_OBJC_ARC = YES;
				CLANG_ENABLE_OBJC_WEAK = YES;
				CLANG_WARN_BLOCK_CAPTURE_AUTORELEASING = YES;
				CLANG_WARN_BOOL_CONVERSION = YES;
				CLANG_WARN_COMMA = YES;
				CLANG_WARN_CONSTANT_CONVERSION = YES;
				CLANG_WARN_DEPRECATED_OBJC_IMPLEMENTATIONS = YES;
				CLANG_WARN_DIRECT_OBJC_ISA_USAGE = YES_ERROR;
				CLANG_WARN_DOCUMENTATION_COMMENTS = YES;
				CLANG_WARN_EMPTY_BODY = YES;
				CLANG_WARN_ENUM_CONVERSION = YES;
				CLANG_WARN_INFINITE_RECURSION = YES;
				CLANG_WARN_INT_CONVERSION = YES;
				CLANG_WARN_NON_LITERAL_NULL_CONVERSION = YES;
				CLANG_WARN_OBJC_IMPLICIT_RETAIN_SELF = YES;
				CLANG_WARN_OBJC_LITERAL_CONVERSION = YES;
				CLANG_WARN_OBJC_ROOT_CLASS = YES_ERROR;
				CLANG_WARN_QUOTED_INCLUDE_IN_FRAMEWORK_HEADER = YES;
				CLANG_WARN_RANGE_LOOP_ANALYSIS = YES;
				CLANG_WARN_STRICT_PROTOTYPES = YES;
				CLANG_WARN_SUSPICIOUS_MOVE = YES;
				CLANG_WARN_UNGUARDED_AVAILABILITY = YES_AGGRESSIVE;
				CLANG_WARN_UNREACHABLE_CODE = YES;
				CLANG_WARN__DUPLICATE_METHOD_MATCH = YES;
				COPY_PHASE_STRIP = NO;
				DEBUG_INFORMATION_FORMAT = dwarf;
				ENABLE_STRICT_OBJC_MSGSEND = YES;
				ENABLE_TESTABILITY = YES;
				GCC_C_LANGUAGE_STANDARD = gnu11;
				GCC_DYNAMIC_NO_PIC = NO;
				GCC_NO_COMMON_BLOCKS = YES;
				GCC_OPTIMIZATION_LEVEL = 0;
				GCC_PREPROCESSOR_DEFINITIONS = (
					"DEBUG=1",
					"$(inherited)",
				);
				GCC_WARN_64_TO_32_BIT_CONVERSION = YES;
				GCC_WARN_ABOUT_RETURN_TYPE = YES_ERROR;
				GCC_WARN_UNDECLARED_SELECTOR = YES;
				GCC_WARN_UNINITIALIZED_AUTOS = YES_AGGRESSIVE;
				GCC_WARN_UNUSED_FUNCTION = YES;
				GCC_WARN_UNUSED_VARIABLE = YES;
				MTL_ENABLE_DEBUG_INFO = INCLUDE_SOURCE;
				MTL_FAST_MATH = YES;
				ONLY_ACTIVE_ARCH = YES;
				SWIFT_ACTIVE_COMPILATION_CONDITIONS = DEBUG;
				SWIFT_OPTIMIZATION_LEVEL = "-Onone";
			};
			name = Debug;
		};
		75AFA9022910CB8D005D8021 /* Release */ = {
			isa = XCBuildConfiguration;
			buildSettings = {
				ALWAYS_SEARCH_USER_PATHS = NO;
				CLANG_ANALYZER_NONNULL = YES;
				CLANG_ANALYZER_NUMBER_OBJECT_CONVERSION = YES_AGGRESSIVE;
				CLANG_CXX_LANGUAGE_STANDARD = "gnu++20";
				CLANG_ENABLE_MODULES = YES;
				CLANG_ENABLE_OBJC_ARC = YES;
				CLANG_ENABLE_OBJC_WEAK = YES;
				CLANG_WARN_BLOCK_CAPTURE_AUTORELEASING = YES;
				CLANG_WARN_BOOL_CONVERSION = YES;
				CLANG_WARN_COMMA = YES;
				CLANG_WARN_CONSTANT_CONVERSION = YES;
				CLANG_WARN_DEPRECATED_OBJC_IMPLEMENTATIONS = YES;
				CLANG_WARN_DIRECT_OBJC_ISA_USAGE = YES_ERROR;
				CLANG_WARN_DOCUMENTATION_COMMENTS = YES;
				CLANG_WARN_EMPTY_BODY = YES;
				CLANG_WARN_ENUM_CONVERSION = YES;
				CLANG_WARN_INFINITE_RECURSION = YES;
				CLANG_WARN_INT_CONVERSION = YES;
				CLANG_WARN_NON_LITERAL_NULL_CONVERSION = YES;
				CLANG_WARN_OBJC_IMPLICIT_RETAIN_SELF = YES;
				CLANG_WARN_OBJC_LITERAL_CONVERSION = YES;
				CLANG_WARN_OBJC_ROOT_CLASS = YES_ERROR;
				CLANG_WARN_QUOTED_INCLUDE_IN_FRAMEWORK_HEADER = YES;
				CLANG_WARN_RANGE_LOOP_ANALYSIS = YES;
				CLANG_WARN_STRICT_PROTOTYPES = YES;
				CLANG_WARN_SUSPICIOUS_MOVE = YES;
				CLANG_WARN_UNGUARDED_AVAILABILITY = YES_AGGRESSIVE;
				CLANG_WARN_UNREACHABLE_CODE = YES;
				CLANG_WARN__DUPLICATE_METHOD_MATCH = YES;
				COPY_PHASE_STRIP = NO;
				DEBUG_INFORMATION_FORMAT = "dwarf-with-dsym";
				ENABLE_NS_ASSERTIONS = NO;
				ENABLE_STRICT_OBJC_MSGSEND = YES;
				GCC_C_LANGUAGE_STANDARD = gnu11;
				GCC_NO_COMMON_BLOCKS = YES;
				GCC_WARN_64_TO_32_BIT_CONVERSION = YES;
				GCC_WARN_ABOUT_RETURN_TYPE = YES_ERROR;
				GCC_WARN_UNDECLARED_SELECTOR = YES;
				GCC_WARN_UNINITIALIZED_AUTOS = YES_AGGRESSIVE;
				GCC_WARN_UNUSED_FUNCTION = YES;
				GCC_WARN_UNUSED_VARIABLE = YES;
				MTL_ENABLE_DEBUG_INFO = NO;
				MTL_FAST_MATH = YES;
				SWIFT_COMPILATION_MODE = wholemodule;
				SWIFT_OPTIMIZATION_LEVEL = "-O";
			};
			name = Release;
		};
		75AFA9042910CB8D005D8021 /* Debug */ = {
			isa = XCBuildConfiguration;
			buildSettings = {
				ASSETCATALOG_COMPILER_APPICON_NAME = AppIcon;
				ASSETCATALOG_COMPILER_GLOBAL_ACCENT_COLOR_NAME = AccentColor;
				CODE_SIGN_ENTITLEMENTS = TickTock/TickTock.entitlements;
				CODE_SIGN_STYLE = Automatic;
				CURRENT_PROJECT_VERSION = 1;
				DEVELOPMENT_ASSET_PATHS = "\"TickTock/Preview Content\"";
				ENABLE_PREVIEWS = YES;
				GENERATE_INFOPLIST_FILE = YES;
				"INFOPLIST_KEY_UIApplicationSceneManifest_Generation[sdk=iphoneos*]" = YES;
				"INFOPLIST_KEY_UIApplicationSceneManifest_Generation[sdk=iphonesimulator*]" = YES;
				"INFOPLIST_KEY_UIApplicationSupportsIndirectInputEvents[sdk=iphoneos*]" = YES;
				"INFOPLIST_KEY_UIApplicationSupportsIndirectInputEvents[sdk=iphonesimulator*]" = YES;
				"INFOPLIST_KEY_UILaunchScreen_Generation[sdk=iphoneos*]" = YES;
				"INFOPLIST_KEY_UILaunchScreen_Generation[sdk=iphonesimulator*]" = YES;
				"INFOPLIST_KEY_UIStatusBarStyle[sdk=iphoneos*]" = UIStatusBarStyleDefault;
				"INFOPLIST_KEY_UIStatusBarStyle[sdk=iphonesimulator*]" = UIStatusBarStyleDefault;
				INFOPLIST_KEY_UISupportedInterfaceOrientations_iPad = "UIInterfaceOrientationPortrait UIInterfaceOrientationPortraitUpsideDown UIInterfaceOrientationLandscapeLeft UIInterfaceOrientationLandscapeRight";
				INFOPLIST_KEY_UISupportedInterfaceOrientations_iPhone = "UIInterfaceOrientationPortrait UIInterfaceOrientationLandscapeLeft UIInterfaceOrientationLandscapeRight";
				IPHONEOS_DEPLOYMENT_TARGET = 16.0;
				LD_RUNPATH_SEARCH_PATHS = "@executable_path/Frameworks";
				"LD_RUNPATH_SEARCH_PATHS[sdk=macosx*]" = "@executable_path/../Frameworks";
				MACOSX_DEPLOYMENT_TARGET = 12.3;
				MARKETING_VERSION = 1.0;
				PRODUCT_BUNDLE_IDENTIFIER = TickTock.TickTock;
				PRODUCT_NAME = "$(TARGET_NAME)";
				SDKROOT = auto;
				SUPPORTED_PLATFORMS = "iphoneos iphonesimulator macosx";
				SWIFT_EMIT_LOC_STRINGS = YES;
				SWIFT_VERSION = 5.0;
				TARGETED_DEVICE_FAMILY = "1,2";
			};
			name = Debug;
		};
		75AFA9052910CB8D005D8021 /* Release */ = {
			isa = XCBuildConfiguration;
			buildSettings = {
				ASSETCATALOG_COMPILER_APPICON_NAME = AppIcon;
				ASSETCATALOG_COMPILER_GLOBAL_ACCENT_COLOR_NAME = AccentColor;
				CODE_SIGN_ENTITLEMENTS = TickTock/TickTock.entitlements;
				CODE_SIGN_STYLE = Automatic;
				CURRENT_PROJECT_VERSION = 1;
				DEVELOPMENT_ASSET_PATHS = "\"TickTock/Preview Content\"";
				ENABLE_PREVIEWS = YES;
				GENERATE_INFOPLIST_FILE = YES;
				"INFOPLIST_KEY_UIApplicationSceneManifest_Generation[sdk=iphoneos*]" = YES;
				"INFOPLIST_KEY_UIApplicationSceneManifest_Generation[sdk=iphonesimulator*]" = YES;
				"INFOPLIST_KEY_UIApplicationSupportsIndirectInputEvents[sdk=iphoneos*]" = YES;
				"INFOPLIST_KEY_UIApplicationSupportsIndirectInputEvents[sdk=iphonesimulator*]" = YES;
				"INFOPLIST_KEY_UILaunchScreen_Generation[sdk=iphoneos*]" = YES;
				"INFOPLIST_KEY_UILaunchScreen_Generation[sdk=iphonesimulator*]" = YES;
				"INFOPLIST_KEY_UIStatusBarStyle[sdk=iphoneos*]" = UIStatusBarStyleDefault;
				"INFOPLIST_KEY_UIStatusBarStyle[sdk=iphonesimulator*]" = UIStatusBarStyleDefault;
				INFOPLIST_KEY_UISupportedInterfaceOrientations_iPad = "UIInterfaceOrientationPortrait UIInterfaceOrientationPortraitUpsideDown UIInterfaceOrientationLandscapeLeft UIInterfaceOrientationLandscapeRight";
				INFOPLIST_KEY_UISupportedInterfaceOrientations_iPhone = "UIInterfaceOrientationPortrait UIInterfaceOrientationLandscapeLeft UIInterfaceOrientationLandscapeRight";
				IPHONEOS_DEPLOYMENT_TARGET = 16.0;
				LD_RUNPATH_SEARCH_PATHS = "@executable_path/Frameworks";
				"LD_RUNPATH_SEARCH_PATHS[sdk=macosx*]" = "@executable_path/../Frameworks";
				MACOSX_DEPLOYMENT_TARGET = 12.3;
				MARKETING_VERSION = 1.0;
				PRODUCT_BUNDLE_IDENTIFIER = TickTock.TickTock;
				PRODUCT_NAME = "$(TARGET_NAME)";
				SDKROOT = auto;
				SUPPORTED_PLATFORMS = "iphoneos iphonesimulator macosx";
				SWIFT_EMIT_LOC_STRINGS = YES;
				SWIFT_VERSION = 5.0;
				TARGETED_DEVICE_FAMILY = "1,2";
			};
			name = Release;
		};
		75AFA9072910CB8D005D8021 /* Debug */ = {
			isa = XCBuildConfiguration;
			buildSettings = {
				ALWAYS_EMBED_SWIFT_STANDARD_LIBRARIES = YES;
				BUNDLE_LOADER = "$(TEST_HOST)";
				CODE_SIGN_STYLE = Automatic;
				CURRENT_PROJECT_VERSION = 1;
				GENERATE_INFOPLIST_FILE = YES;
				IPHONEOS_DEPLOYMENT_TARGET = 16.0;
				MACOSX_DEPLOYMENT_TARGET = 12.3;
				MARKETING_VERSION = 1.0;
				PRODUCT_BUNDLE_IDENTIFIER = TickTock.TickTockTests;
				PRODUCT_NAME = "$(TARGET_NAME)";
				SDKROOT = auto;
				SUPPORTED_PLATFORMS = "iphoneos iphonesimulator macosx";
				SWIFT_EMIT_LOC_STRINGS = NO;
				SWIFT_VERSION = 5.0;
				TARGETED_DEVICE_FAMILY = "1,2";
				TEST_HOST = "$(BUILT_PRODUCTS_DIR)/TickTock.app/$(BUNDLE_EXECUTABLE_FOLDER_PATH)/TickTock";
			};
			name = Debug;
		};
		75AFA9082910CB8D005D8021 /* Release */ = {
			isa = XCBuildConfiguration;
			buildSettings = {
				ALWAYS_EMBED_SWIFT_STANDARD_LIBRARIES = YES;
				BUNDLE_LOADER = "$(TEST_HOST)";
				CODE_SIGN_STYLE = Automatic;
				CURRENT_PROJECT_VERSION = 1;
				GENERATE_INFOPLIST_FILE = YES;
				IPHONEOS_DEPLOYMENT_TARGET = 16.0;
				MACOSX_DEPLOYMENT_TARGET = 12.3;
				MARKETING_VERSION = 1.0;
				PRODUCT_BUNDLE_IDENTIFIER = TickTock.TickTockTests;
				PRODUCT_NAME = "$(TARGET_NAME)";
				SDKROOT = auto;
				SUPPORTED_PLATFORMS = "iphoneos iphonesimulator macosx";
				SWIFT_EMIT_LOC_STRINGS = NO;
				SWIFT_VERSION = 5.0;
				TARGETED_DEVICE_FAMILY = "1,2";
				TEST_HOST = "$(BUILT_PRODUCTS_DIR)/TickTock.app/$(BUNDLE_EXECUTABLE_FOLDER_PATH)/TickTock";
			};
			name = Release;
		};
		75AFA90A2910CB8D005D8021 /* Debug */ = {
			isa = XCBuildConfiguration;
			buildSettings = {
				ALWAYS_EMBED_SWIFT_STANDARD_LIBRARIES = YES;
				CODE_SIGN_STYLE = Automatic;
				CURRENT_PROJECT_VERSION = 1;
				GENERATE_INFOPLIST_FILE = YES;
				IPHONEOS_DEPLOYMENT_TARGET = 16.0;
				MACOSX_DEPLOYMENT_TARGET = 12.3;
				MARKETING_VERSION = 1.0;
				PRODUCT_BUNDLE_IDENTIFIER = TickTock.TickTockUITests;
				PRODUCT_NAME = "$(TARGET_NAME)";
				SDKROOT = auto;
				SUPPORTED_PLATFORMS = "iphoneos iphonesimulator macosx";
				SWIFT_EMIT_LOC_STRINGS = NO;
				SWIFT_VERSION = 5.0;
				TARGETED_DEVICE_FAMILY = "1,2";
				TEST_TARGET_NAME = TickTock;
			};
			name = Debug;
		};
		75AFA90B2910CB8D005D8021 /* Release */ = {
			isa = XCBuildConfiguration;
			buildSettings = {
				ALWAYS_EMBED_SWIFT_STANDARD_LIBRARIES = YES;
				CODE_SIGN_STYLE = Automatic;
				CURRENT_PROJECT_VERSION = 1;
				GENERATE_INFOPLIST_FILE = YES;
				IPHONEOS_DEPLOYMENT_TARGET = 16.0;
				MACOSX_DEPLOYMENT_TARGET = 12.3;
				MARKETING_VERSION = 1.0;
				PRODUCT_BUNDLE_IDENTIFIER = TickTock.TickTockUITests;
				PRODUCT_NAME = "$(TARGET_NAME)";
				SDKROOT = auto;
				SUPPORTED_PLATFORMS = "iphoneos iphonesimulator macosx";
				SWIFT_EMIT_LOC_STRINGS = NO;
				SWIFT_VERSION = 5.0;
				TARGETED_DEVICE_FAMILY = "1,2";
				TEST_TARGET_NAME = TickTock;
			};
			name = Release;
		};
/* End XCBuildConfiguration section */

/* Begin XCConfigurationList section */
		75AFA8D92910CB8B005D8021 /* Build configuration list for PBXProject "TickTock" */ = {
			isa = XCConfigurationList;
			buildConfigurations = (
				75AFA9012910CB8D005D8021 /* Debug */,
				75AFA9022910CB8D005D8021 /* Release */,
			);
			defaultConfigurationIsVisible = 0;
			defaultConfigurationName = Release;
		};
		75AFA9032910CB8D005D8021 /* Build configuration list for PBXNativeTarget "TickTock" */ = {
			isa = XCConfigurationList;
			buildConfigurations = (
				75AFA9042910CB8D005D8021 /* Debug */,
				75AFA9052910CB8D005D8021 /* Release */,
			);
			defaultConfigurationIsVisible = 0;
			defaultConfigurationName = Release;
		};
		75AFA9062910CB8D005D8021 /* Build configuration list for PBXNativeTarget "TickTockTests" */ = {
			isa = XCConfigurationList;
			buildConfigurations = (
				75AFA9072910CB8D005D8021 /* Debug */,
				75AFA9082910CB8D005D8021 /* Release */,
			);
			defaultConfigurationIsVisible = 0;
			defaultConfigurationName = Release;
		};
		75AFA9092910CB8D005D8021 /* Build configuration list for PBXNativeTarget "TickTockUITests" */ = {
			isa = XCConfigurationList;
			buildConfigurations = (
				75AFA90A2910CB8D005D8021 /* Debug */,
				75AFA90B2910CB8D005D8021 /* Release */,
			);
			defaultConfigurationIsVisible = 0;
			defaultConfigurationName = Release;
		};
/* End XCConfigurationList section */
	};
	rootObject = 75AFA8D62910CB8B005D8021 /* Project object */;
}
